lockfileVersion: '9.0'

settings:
  autoInstallPeers: true
  excludeLinksFromLockfile: false

importers:

  .:
    dependencies:
      '@hyoretsu/utils':
        specifier: ^1.5.0
        version: 1.16.0
      mathjs:
        specifier: ^11.2.1
        version: 11.12.0

packages:

  '@babel/runtime@7.26.10':
    resolution: {integrity: sha512-2WJMeRQPHKSPemqk/awGrAiuFfzBmOIPXKizAsVhWH9YJqLZ0H+HS4c8loHGgW6utJ3E/ejXQUsiGaQy2NZ9Fw==}
    engines: {node: '>=6.9.0'}

  '@hyoretsu/utils@1.16.0':
    resolution: {integrity: sha512-Cj1ju4aooFxeAS9Ru7Q0/6vEXatBNtfnf9/7MwduLRnFxikYXIur4t8emBt9npdbRi4zvxNluM6XHB8bC8eSig==}

  complex.js@2.4.2:
    resolution: {integrity: sha512-qtx7HRhPGSCBtGiST4/WGHuW+zeaND/6Ld+db6PbrulIB1i2Ev/2UPiqcmpQNPSyfBKraC0EOvOKCB5dGZKt3g==}

  decimal.js@10.5.0:
    resolution: {integrity: sha512-8vDa8Qxvr/+d94hSh5P3IJwI5t8/c0KsMp+g8bNw9cY2icONa5aPfvKeieW1WlG0WQYwwhJ7mjui2xtiePQSXw==}

  escape-latex@1.2.0:
    resolution: {integrity: sha512-nV5aVWW1K0wEiUIEdZ4erkGGH8mDxGyxSeqPzRNtWP7ataw+/olFObw7hujFWlVjNsaDFw5VZ5NzVSIqRgfTiw==}

  fraction.js@4.3.4:
    resolution: {integrity: sha512-pwiTgt0Q7t+GHZA4yaLjObx4vXmmdcS0iSJ19o8d/goUGgItX9UZWKWNnLHehxviD8wU2IWRsnR8cD5+yOJP2Q==}

  javascript-natural-sort@0.7.1:
    resolution: {integrity: sha512-nO6jcEfZWQXDhOiBtG2KvKyEptz7RVbpGP4vTD2hLBdmNQSsCiicO2Ioinv6UI4y9ukqnBpy+XZ9H6uLNgJTlw==}

  mathjs@11.12.0:
    resolution: {integrity: sha512-UGhVw8rS1AyedyI55DGz9q1qZ0p98kyKPyc9vherBkoueLntPfKtPBh14x+V4cdUWK0NZV2TBwqRFlvadscSuw==}
    engines: {node: '>= 14'}
    hasBin: true

  regenerator-runtime@0.14.1:
    resolution: {integrity: sha512-dYnhHh0nJoMfnkZs6GmmhFknAGRrLznOu5nc9ML+EJxGvrx6H7teuevqVqCuPcPK//3eDrrjQhehXVx9cnkGdw==}

  seedrandom@3.0.5:
    resolution: {integrity: sha512-8OwmbklUNzwezjGInmZ+2clQmExQPvomqjL7LFqOYqtmuxRgQYqOD3mHaU+MvZn5FLUeVxVfQjwLZW/n/JFuqg==}

  tiny-emitter@2.1.0:
    resolution: {integrity: sha512-NB6Dk1A9xgQPMoGqC5CVXn123gWyte215ONT5Pp5a0yt4nlEoO1ZWeCwpncaekPHXO60i47ihFnZPiRPjRMq4Q==}

  typed-function@4.2.1:
    resolution: {integrity: sha512-EGjWssW7Tsk4DGfE+5yluuljS1OGYWiI1J6e8puZz9nTMM51Oug8CD5Zo4gWMsOhq5BI+1bF+rWTm4Vbj3ivRA==}
    engines: {node: '>= 18'}

snapshots:

  '@babel/runtime@7.26.10':
    dependencies:
      regenerator-runtime: 0.14.1

  '@hyoretsu/utils@1.16.0': {}

  complex.js@2.4.2: {}

  decimal.js@10.5.0: {}

  escape-latex@1.2.0: {}

  fraction.js@4.3.4: {}

  javascript-natural-sort@0.7.1: {}

  mathjs@11.12.0:
    dependencies:
      '@babel/runtime': 7.26.10
      complex.js: 2.4.2
      decimal.js: 10.5.0
      escape-latex: 1.2.0
      fraction.js: 4.3.4
      javascript-natural-sort: 0.7.1
      seedrandom: 3.0.5
      tiny-emitter: 2.1.0
      typed-function: 4.2.1

  regenerator-runtime@0.14.1: {}

  seedrandom@3.0.5: {}

  tiny-emitter@2.1.0: {}

  typed-function@4.2.1: {}
